// !$*UTF8*$!
{
	archiveVersion = 1;
	classes = {
	};
	objectVersion = 46;
	objects = {

/* Begin PBXBuildFile section */
		BE0B9E1115D19482006422E5 /* CoreData.framework in Frameworks */ = {isa = PBXBuildFile; fileRef = BE0B9E1015D19482006422E5 /* CoreData.framework */; };
		BE0B9E1415D194DA006422E5 /* FluencyBooster.xcdatamodeld in Sources */ = {isa = PBXBuildFile; fileRef = BE0B9E1215D194DA006422E5 /* FluencyBooster.xcdatamodeld */; };
		BE0B9E6F15D1BBEF006422E5 /* KKFluencyBooster.m in Sources */ = {isa = PBXBuildFile; fileRef = BE0B9E6E15D1BBEF006422E5 /* KKFluencyBooster.m */; };
		BE0D735315E5187700E8CDD5 /* AVFoundation.framework in Frameworks */ = {isa = PBXBuildFile; fileRef = BE0D735215E5187700E8CDD5 /* AVFoundation.framework */; };
		BE11884415E3D390009A1891 /* KKCard.m in Sources */ = {isa = PBXBuildFile; fileRef = BE11884315E3D390009A1891 /* KKCard.m */; };
		BE892C6815E7CD2E008657F7 /* Default-Portrait~ipad.png in Resources */ = {isa = PBXBuildFile; fileRef = BE892C6715E7CD2E008657F7 /* Default-Portrait~ipad.png */; };
		BE89773415D4191600A79688 /* iCarousel.m in Sources */ = {isa = PBXBuildFile; fileRef = BE89773315D4191600A79688 /* iCarousel.m */; };
		BE89773915D424E800A79688 /* KKFluencyBoosterViewController.m in Sources */ = {isa = PBXBuildFile; fileRef = BE89773815D424E800A79688 /* KKFluencyBoosterViewController.m */; };
		BE89773B15D425D100A79688 /* QuartzCore.framework in Frameworks */ = {isa = PBXBuildFile; fileRef = BE89773A15D425D100A79688 /* QuartzCore.framework */; };
		BEDC09C915DBDDD800CC3948 /* KKAncestorViewController.m in Sources */ = {isa = PBXBuildFile; fileRef = BEDC09C815DBDDD800CC3948 /* KKAncestorViewController.m */; };
		BEE5DC4F15D3E670005FCFB5 /* FluencyBoosterResources in Resources */ = {isa = PBXBuildFile; fileRef = BEE5DC4E15D3E670005FCFB5 /* FluencyBoosterResources */; };
		BEEBA0C615D0054B00E7279A /* UIKit.framework in Frameworks */ = {isa = PBXBuildFile; fileRef = BEEBA0C515D0054B00E7279A /* UIKit.framework */; };
		BEEBA0C815D0054B00E7279A /* Foundation.framework in Frameworks */ = {isa = PBXBuildFile; fileRef = BEEBA0C715D0054B00E7279A /* Foundation.framework */; };
		BEEBA0CA15D0054B00E7279A /* CoreGraphics.framework in Frameworks */ = {isa = PBXBuildFile; fileRef = BEEBA0C915D0054B00E7279A /* CoreGraphics.framework */; };
		BEEBA0D015D0054B00E7279A /* InfoPlist.strings in Resources */ = {isa = PBXBuildFile; fileRef = BEEBA0CE15D0054B00E7279A /* InfoPlist.strings */; };
		BEEBA0D215D0054B00E7279A /* main.m in Sources */ = {isa = PBXBuildFile; fileRef = BEEBA0D115D0054B00E7279A /* main.m */; };
		BEEBA0D615D0054B00E7279A /* KKAppDelegate.m in Sources */ = {isa = PBXBuildFile; fileRef = BEEBA0D515D0054B00E7279A /* KKAppDelegate.m */; };
		BEEBA0D915D0054B00E7279A /* KKRootViewController.m in Sources */ = {isa = PBXBuildFile; fileRef = BEEBA0D815D0054B00E7279A /* KKRootViewController.m */; };
		BEEBA0DC15D0054B00E7279A /* KKDataViewController.m in Sources */ = {isa = PBXBuildFile; fileRef = BEEBA0DB15D0054B00E7279A /* KKDataViewController.m */; };
		BEEBA0E215D0054B00E7279A /* MainStoryboard.storyboard in Resources */ = {isa = PBXBuildFile; fileRef = BEEBA0E015D0054B00E7279A /* MainStoryboard.storyboard */; };
		BEEBA0EA15D005AF00E7279A /* KKFluencyBoosterSelectionViewController.m in Sources */ = {isa = PBXBuildFile; fileRef = BEEBA0E915D005AF00E7279A /* KKFluencyBoosterSelectionViewController.m */; };
		BEEBA0F315D00FBA00E7279A /* KKHelpViewController.m in Sources */ = {isa = PBXBuildFile; fileRef = BEEBA0F215D00FBA00E7279A /* KKHelpViewController.m */; };
		BEEBA10E15D052CC00E7279A /* KKCardsDataSource.m in Sources */ = {isa = PBXBuildFile; fileRef = BEEBA10D15D052CC00E7279A /* KKCardsDataSource.m */; };
/* End PBXBuildFile section */

/* Begin PBXFileReference section */
		BE0B9E1015D19482006422E5 /* CoreData.framework */ = {isa = PBXFileReference; lastKnownFileType = wrapper.framework; name = CoreData.framework; path = System/Library/Frameworks/CoreData.framework; sourceTree = SDKROOT; };
		BE0B9E1315D194DA006422E5 /* FluencyBooster.xcdatamodel */ = {isa = PBXFileReference; lastKnownFileType = wrapper.xcdatamodel; path = FluencyBooster.xcdatamodel; sourceTree = "<group>"; };
		BE0B9E6D15D1BBEF006422E5 /* KKFluencyBooster.h */ = {isa = PBXFileReference; fileEncoding = 4; lastKnownFileType = sourcecode.c.h; path = KKFluencyBooster.h; sourceTree = "<group>"; };
		BE0B9E6E15D1BBEF006422E5 /* KKFluencyBooster.m */ = {isa = PBXFileReference; fileEncoding = 4; lastKnownFileType = sourcecode.c.objc; path = KKFluencyBooster.m; sourceTree = "<group>"; };
		BE0D735215E5187700E8CDD5 /* AVFoundation.framework */ = {isa = PBXFileReference; lastKnownFileType = wrapper.framework; name = AVFoundation.framework; path = System/Library/Frameworks/AVFoundation.framework; sourceTree = SDKROOT; };
		BE11884215E3D390009A1891 /* KKCard.h */ = {isa = PBXFileReference; fileEncoding = 4; lastKnownFileType = sourcecode.c.h; path = KKCard.h; sourceTree = "<group>"; };
		BE11884315E3D390009A1891 /* KKCard.m */ = {isa = PBXFileReference; fileEncoding = 4; lastKnownFileType = sourcecode.c.objc; path = KKCard.m; sourceTree = "<group>"; };
		BE11884915E3DA75009A1891 /* CoreAudio.framework */ = {isa = PBXFileReference; lastKnownFileType = wrapper.framework; name = CoreAudio.framework; path = System/Library/Frameworks/CoreAudio.framework; sourceTree = SDKROOT; };
		BE892C6715E7CD2E008657F7 /* Default-Portrait~ipad.png */ = {isa = PBXFileReference; lastKnownFileType = image.png; path = "Default-Portrait~ipad.png"; sourceTree = "<group>"; };
		BE89773215D4191600A79688 /* iCarousel.h */ = {isa = PBXFileReference; fileEncoding = 4; lastKnownFileType = sourcecode.c.h; path = iCarousel.h; sourceTree = "<group>"; };
		BE89773315D4191600A79688 /* iCarousel.m */ = {isa = PBXFileReference; fileEncoding = 4; lastKnownFileType = sourcecode.c.objc; path = iCarousel.m; sourceTree = "<group>"; };
		BE89773715D424E800A79688 /* KKFluencyBoosterViewController.h */ = {isa = PBXFileReference; fileEncoding = 4; lastKnownFileType = sourcecode.c.h; path = KKFluencyBoosterViewController.h; sourceTree = "<group>"; };
		BE89773815D424E800A79688 /* KKFluencyBoosterViewController.m */ = {isa = PBXFileReference; fileEncoding = 4; lastKnownFileType = sourcecode.c.objc; path = KKFluencyBoosterViewController.m; sourceTree = "<group>"; };
		BE89773A15D425D100A79688 /* QuartzCore.framework */ = {isa = PBXFileReference; lastKnownFileType = wrapper.framework; name = QuartzCore.framework; path = System/Library/Frameworks/QuartzCore.framework; sourceTree = SDKROOT; };
		BEDC09C715DBDDD800CC3948 /* KKAncestorViewController.h */ = {isa = PBXFileReference; fileEncoding = 4; lastKnownFileType = sourcecode.c.h; path = KKAncestorViewController.h; sourceTree = "<group>"; };
		BEDC09C815DBDDD800CC3948 /* KKAncestorViewController.m */ = {isa = PBXFileReference; fileEncoding = 4; lastKnownFileType = sourcecode.c.objc; path = KKAncestorViewController.m; sourceTree = "<group>"; };
		BEE5DC4E15D3E670005FCFB5 /* FluencyBoosterResources */ = {isa = PBXFileReference; lastKnownFileType = folder; path = FluencyBoosterResources; sourceTree = SOURCE_ROOT; };
		BEEBA0C115D0054B00E7279A /* Fluency Booster.app */ = {isa = PBXFileReference; explicitFileType = wrapper.application; includeInIndex = 0; path = "Fluency Booster.app"; sourceTree = BUILT_PRODUCTS_DIR; };
		BEEBA0C515D0054B00E7279A /* UIKit.framework */ = {isa = PBXFileReference; lastKnownFileType = wrapper.framework; name = UIKit.framework; path = System/Library/Frameworks/UIKit.framework; sourceTree = SDKROOT; };
		BEEBA0C715D0054B00E7279A /* Foundation.framework */ = {isa = PBXFileReference; lastKnownFileType = wrapper.framework; name = Foundation.framework; path = System/Library/Frameworks/Foundation.framework; sourceTree = SDKROOT; };
		BEEBA0C915D0054B00E7279A /* CoreGraphics.framework */ = {isa = PBXFileReference; lastKnownFileType = wrapper.framework; name = CoreGraphics.framework; path = System/Library/Frameworks/CoreGraphics.framework; sourceTree = SDKROOT; };
		BEEBA0CD15D0054B00E7279A /* Fluency Booster-Info.plist */ = {isa = PBXFileReference; lastKnownFileType = text.plist.xml; path = "Fluency Booster-Info.plist"; sourceTree = "<group>"; };
		BEEBA0CF15D0054B00E7279A /* en */ = {isa = PBXFileReference; lastKnownFileType = text.plist.strings; name = en; path = en.lproj/InfoPlist.strings; sourceTree = "<group>"; };
		BEEBA0D115D0054B00E7279A /* main.m */ = {isa = PBXFileReference; lastKnownFileType = sourcecode.c.objc; path = main.m; sourceTree = "<group>"; };
		BEEBA0D315D0054B00E7279A /* Fluency Booster-Prefix.pch */ = {isa = PBXFileReference; lastKnownFileType = sourcecode.c.h; path = "Fluency Booster-Prefix.pch"; sourceTree = "<group>"; };
		BEEBA0D415D0054B00E7279A /* KKAppDelegate.h */ = {isa = PBXFileReference; lastKnownFileType = sourcecode.c.h; path = KKAppDelegate.h; sourceTree = "<group>"; };
		BEEBA0D515D0054B00E7279A /* KKAppDelegate.m */ = {isa = PBXFileReference; lastKnownFileType = sourcecode.c.objc; path = KKAppDelegate.m; sourceTree = "<group>"; };
		BEEBA0D715D0054B00E7279A /* KKRootViewController.h */ = {isa = PBXFileReference; lastKnownFileType = sourcecode.c.h; path = KKRootViewController.h; sourceTree = "<group>"; };
		BEEBA0D815D0054B00E7279A /* KKRootViewController.m */ = {isa = PBXFileReference; lastKnownFileType = sourcecode.c.objc; path = KKRootViewController.m; sourceTree = "<group>"; };
		BEEBA0DA15D0054B00E7279A /* KKDataViewController.h */ = {isa = PBXFileReference; lastKnownFileType = sourcecode.c.h; path = KKDataViewController.h; sourceTree = "<group>"; };
		BEEBA0DB15D0054B00E7279A /* KKDataViewController.m */ = {isa = PBXFileReference; lastKnownFileType = sourcecode.c.objc; path = KKDataViewController.m; sourceTree = "<group>"; };
		BEEBA0E115D0054B00E7279A /* en */ = {isa = PBXFileReference; lastKnownFileType = file.storyboard; name = en; path = en.lproj/MainStoryboard.storyboard; sourceTree = "<group>"; };
		BEEBA0E815D005AF00E7279A /* KKFluencyBoosterSelectionViewController.h */ = {isa = PBXFileReference; fileEncoding = 4; lastKnownFileType = sourcecode.c.h; path = KKFluencyBoosterSelectionViewController.h; sourceTree = "<group>"; };
		BEEBA0E915D005AF00E7279A /* KKFluencyBoosterSelectionViewController.m */ = {isa = PBXFileReference; fileEncoding = 4; lastKnownFileType = sourcecode.c.objc; path = KKFluencyBoosterSelectionViewController.m; sourceTree = "<group>"; };
		BEEBA0F115D00FBA00E7279A /* KKHelpViewController.h */ = {isa = PBXFileReference; fileEncoding = 4; lastKnownFileType = sourcecode.c.h; path = KKHelpViewController.h; sourceTree = "<group>"; };
		BEEBA0F215D00FBA00E7279A /* KKHelpViewController.m */ = {isa = PBXFileReference; fileEncoding = 4; lastKnownFileType = sourcecode.c.objc; path = KKHelpViewController.m; sourceTree = "<group>"; };
		BEEBA10C15D052CC00E7279A /* KKCardsDataSource.h */ = {isa = PBXFileReference; fileEncoding = 4; lastKnownFileType = sourcecode.c.h; path = KKCardsDataSource.h; sourceTree = "<group>"; };
		BEEBA10D15D052CC00E7279A /* KKCardsDataSource.m */ = {isa = PBXFileReference; fileEncoding = 4; lastKnownFileType = sourcecode.c.objc; path = KKCardsDataSource.m; sourceTree = "<group>"; };
/* End PBXFileReference section */

/* Begin PBXFrameworksBuildPhase section */
		BEEBA0BE15D0054B00E7279A /* Frameworks */ = {
			isa = PBXFrameworksBuildPhase;
			buildActionMask = 2147483647;
			files = (
				BE0D735315E5187700E8CDD5 /* AVFoundation.framework in Frameworks */,
				BE89773B15D425D100A79688 /* QuartzCore.framework in Frameworks */,
				BE0B9E1115D19482006422E5 /* CoreData.framework in Frameworks */,
				BEEBA0C615D0054B00E7279A /* UIKit.framework in Frameworks */,
				BEEBA0C815D0054B00E7279A /* Foundation.framework in Frameworks */,
				BEEBA0CA15D0054B00E7279A /* CoreGraphics.framework in Frameworks */,
			);
			runOnlyForDeploymentPostprocessing = 0;
		};
/* End PBXFrameworksBuildPhase section */

/* Begin PBXGroup section */
		BE78B28D15D9A48900BF6104 /* Help */ = {
			isa = PBXGroup;
			children = (
				BEEBA0F115D00FBA00E7279A /* KKHelpViewController.h */,
				BEEBA0F215D00FBA00E7279A /* KKHelpViewController.m */,
			);
			name = Help;
			sourceTree = "<group>";
		};
		BE78B28F15D9A4C000BF6104 /* Cards */ = {
			isa = PBXGroup;
			children = (
				BEEBA0D715D0054B00E7279A /* KKRootViewController.h */,
				BEEBA0D815D0054B00E7279A /* KKRootViewController.m */,
				BEEBA0DA15D0054B00E7279A /* KKDataViewController.h */,
				BEEBA0DB15D0054B00E7279A /* KKDataViewController.m */,
				BEEBA10C15D052CC00E7279A /* KKCardsDataSource.h */,
				BEEBA10D15D052CC00E7279A /* KKCardsDataSource.m */,
			);
			name = Cards;
			sourceTree = "<group>";
		};
		BE78B29015D9A58F00BF6104 /* FluencyBooster */ = {
			isa = PBXGroup;
			children = (
				BE89773715D424E800A79688 /* KKFluencyBoosterViewController.h */,
				BE89773815D424E800A79688 /* KKFluencyBoosterViewController.m */,
			);
			name = FluencyBooster;
			sourceTree = "<group>";
		};
		BE89773615D4192C00A79688 /* iCarousel */ = {
			isa = PBXGroup;
			children = (
				BE89773215D4191600A79688 /* iCarousel.h */,
				BE89773315D4191600A79688 /* iCarousel.m */,
			);
			name = iCarousel;
			sourceTree = "<group>";
		};
		BEE5DC4815D3E289005FCFB5 /* Resources */ = {
			isa = PBXGroup;
			children = (
				BEE5DC4E15D3E670005FCFB5 /* FluencyBoosterResources */,
			);
			name = Resources;
			sourceTree = "<group>";
		};
		BEEBA0B615D0054B00E7279A = {
			isa = PBXGroup;
			children = (
				BE892C6715E7CD2E008657F7 /* Default-Portrait~ipad.png */,
				BEEBA0CB15D0054B00E7279A /* Fluency Booster */,
				BEEBA0C415D0054B00E7279A /* Frameworks */,
				BEEBA0C215D0054B00E7279A /* Products */,
			);
			sourceTree = "<group>";
		};
		BEEBA0C215D0054B00E7279A /* Products */ = {
			isa = PBXGroup;
			children = (
				BEEBA0C115D0054B00E7279A /* Fluency Booster.app */,
			);
			name = Products;
			sourceTree = "<group>";
		};
		BEEBA0C415D0054B00E7279A /* Frameworks */ = {
			isa = PBXGroup;
			children = (
				BE0D735215E5187700E8CDD5 /* AVFoundation.framework */,
				BE11884915E3DA75009A1891 /* CoreAudio.framework */,
				BE89773A15D425D100A79688 /* QuartzCore.framework */,
				BE0B9E1015D19482006422E5 /* CoreData.framework */,
				BEEBA0C515D0054B00E7279A /* UIKit.framework */,
				BEEBA0C715D0054B00E7279A /* Foundation.framework */,
				BEEBA0C915D0054B00E7279A /* CoreGraphics.framework */,
			);
			name = Frameworks;
			sourceTree = "<group>";
		};
		BEEBA0CB15D0054B00E7279A /* Fluency Booster */ = {
			isa = PBXGroup;
			children = (
				BE78B29015D9A58F00BF6104 /* FluencyBooster */,
				BE78B28F15D9A4C000BF6104 /* Cards */,
				BE78B28D15D9A48900BF6104 /* Help */,
				BE89773615D4192C00A79688 /* iCarousel */,
				BEE5DC4815D3E289005FCFB5 /* Resources */,
				BEEBA0F415D0141100E7279A /* Models */,
				BEEBA0D415D0054B00E7279A /* KKAppDelegate.h */,
				BEEBA0D515D0054B00E7279A /* KKAppDelegate.m */,
				BEDC09C715DBDDD800CC3948 /* KKAncestorViewController.h */,
				BEDC09C815DBDDD800CC3948 /* KKAncestorViewController.m */,
				BEEBA0E815D005AF00E7279A /* KKFluencyBoosterSelectionViewController.h */,
				BEEBA0E915D005AF00E7279A /* KKFluencyBoosterSelectionViewController.m */,
				BEEBA0E015D0054B00E7279A /* MainStoryboard.storyboard */,
				BE0B9E1215D194DA006422E5 /* FluencyBooster.xcdatamodeld */,
				BEEBA0CC15D0054B00E7279A /* Supporting Files */,
			);
			path = "Fluency Booster";
			sourceTree = "<group>";
		};
		BEEBA0CC15D0054B00E7279A /* Supporting Files */ = {
			isa = PBXGroup;
			children = (
				BEEBA0CD15D0054B00E7279A /* Fluency Booster-Info.plist */,
				BEEBA0CE15D0054B00E7279A /* InfoPlist.strings */,
				BEEBA0D115D0054B00E7279A /* main.m */,
				BEEBA0D315D0054B00E7279A /* Fluency Booster-Prefix.pch */,
			);
			name = "Supporting Files";
			sourceTree = "<group>";
		};
		BEEBA0F415D0141100E7279A /* Models */ = {
			isa = PBXGroup;
			children = (
				BE0B9E6D15D1BBEF006422E5 /* KKFluencyBooster.h */,
				BE0B9E6E15D1BBEF006422E5 /* KKFluencyBooster.m */,
				BE11884215E3D390009A1891 /* KKCard.h */,
				BE11884315E3D390009A1891 /* KKCard.m */,
			);
			name = Models;
			sourceTree = "<group>";
		};
/* End PBXGroup section */

/* Begin PBXNativeTarget section */
		BEEBA0C015D0054B00E7279A /* Fluency Booster */ = {
			isa = PBXNativeTarget;
			buildConfigurationList = BEEBA0E515D0054B00E7279A /* Build configuration list for PBXNativeTarget "Fluency Booster" */;
			buildPhases = (
				BEEBA0BD15D0054B00E7279A /* Sources */,
				BEEBA0BE15D0054B00E7279A /* Frameworks */,
				BEEBA0BF15D0054B00E7279A /* Resources */,
				BEE5DC5115D3E89C005FCFB5 /* Fluency Booster Resources Run Script */,
			);
			buildRules = (
			);
			dependencies = (
			);
			name = "Fluency Booster";
			productName = "Fluency Booster";
			productReference = BEEBA0C115D0054B00E7279A /* Fluency Booster.app */;
			productType = "com.apple.product-type.application";
		};
/* End PBXNativeTarget section */

/* Begin PBXProject section */
		BEEBA0B815D0054B00E7279A /* Project object */ = {
			isa = PBXProject;
			attributes = {
				CLASSPREFIX = KK;
				LastUpgradeCheck = 0440;
				ORGANIZATIONNAME = "Arthur Rocha de Menezes";
			};
			buildConfigurationList = BEEBA0BB15D0054B00E7279A /* Build configuration list for PBXProject "Fluency Booster" */;
			compatibilityVersion = "Xcode 3.2";
			developmentRegion = English;
			hasScannedForEncodings = 0;
			knownRegions = (
				en,
			);
			mainGroup = BEEBA0B615D0054B00E7279A;
			productRefGroup = BEEBA0C215D0054B00E7279A /* Products */;
			projectDirPath = "";
			projectRoot = "";
			targets = (
				BEEBA0C015D0054B00E7279A /* Fluency Booster */,
			);
		};
/* End PBXProject section */

/* Begin PBXResourcesBuildPhase section */
		BEEBA0BF15D0054B00E7279A /* Resources */ = {
			isa = PBXResourcesBuildPhase;
			buildActionMask = 2147483647;
			files = (
				BEEBA0D015D0054B00E7279A /* InfoPlist.strings in Resources */,
				BEEBA0E215D0054B00E7279A /* MainStoryboard.storyboard in Resources */,
				BEE5DC4F15D3E670005FCFB5 /* FluencyBoosterResources in Resources */,
				BE892C6815E7CD2E008657F7 /* Default-Portrait~ipad.png in Resources */,
			);
			runOnlyForDeploymentPostprocessing = 0;
		};
/* End PBXResourcesBuildPhase section */

/* Begin PBXShellScriptBuildPhase section */
		BEE5DC5115D3E89C005FCFB5 /* Fluency Booster Resources Run Script */ = {
			isa = PBXShellScriptBuildPhase;
			buildActionMask = 2147483647;
			files = (
			);
			inputPaths = (
			);
			name = "Fluency Booster Resources Run Script";
			outputPaths = (
			);
			runOnlyForDeploymentPostprocessing = 0;
			shellPath = /bin/sh;
			shellScript = "touch -cm ${SRCROOT}/Resources/FluencyBoosterResources";
		};
/* End PBXShellScriptBuildPhase section */

/* Begin PBXSourcesBuildPhase section */
		BEEBA0BD15D0054B00E7279A /* Sources */ = {
			isa = PBXSourcesBuildPhase;
			buildActionMask = 2147483647;
			files = (
				BEEBA0D215D0054B00E7279A /* main.m in Sources */,
				BEEBA0D615D0054B00E7279A /* KKAppDelegate.m in Sources */,
				BEEBA0D915D0054B00E7279A /* KKRootViewController.m in Sources */,
				BEEBA0DC15D0054B00E7279A /* KKDataViewController.m in Sources */,
				BEEBA0EA15D005AF00E7279A /* KKFluencyBoosterSelectionViewController.m in Sources */,
				BEEBA0F315D00FBA00E7279A /* KKHelpViewController.m in Sources */,
				BEEBA10E15D052CC00E7279A /* KKCardsDataSource.m in Sources */,
				BE0B9E1415D194DA006422E5 /* FluencyBooster.xcdatamodeld in Sources */,
				BE0B9E6F15D1BBEF006422E5 /* KKFluencyBooster.m in Sources */,
				BE89773415D4191600A79688 /* iCarousel.m in Sources */,
				BE89773915D424E800A79688 /* KKFluencyBoosterViewController.m in Sources */,
				BEDC09C915DBDDD800CC3948 /* KKAncestorViewController.m in Sources */,
				BE11884415E3D390009A1891 /* KKCard.m in Sources */,
			);
			runOnlyForDeploymentPostprocessing = 0;
		};
/* End PBXSourcesBuildPhase section */

/* Begin PBXVariantGroup section */
		BEEBA0CE15D0054B00E7279A /* InfoPlist.strings */ = {
			isa = PBXVariantGroup;
			children = (
				BEEBA0CF15D0054B00E7279A /* en */,
			);
			name = InfoPlist.strings;
			sourceTree = "<group>";
		};
		BEEBA0E015D0054B00E7279A /* MainStoryboard.storyboard */ = {
			isa = PBXVariantGroup;
			children = (
				BEEBA0E115D0054B00E7279A /* en */,
			);
			name = MainStoryboard.storyboard;
			sourceTree = "<group>";
		};
/* End PBXVariantGroup section */

/* Begin XCBuildConfiguration section */
		BEEBA0E315D0054B00E7279A /* Debug */ = {
			isa = XCBuildConfiguration;
			buildSettings = {
				ALWAYS_SEARCH_USER_PATHS = NO;
				ARCHS = "$(ARCHS_STANDARD_32_BIT)";
				CLANG_CXX_LANGUAGE_STANDARD = "gnu++0x";
				CLANG_ENABLE_OBJC_ARC = YES;
				CLANG_WARN__DUPLICATE_METHOD_MATCH = YES;
				"CODE_SIGN_IDENTITY[sdk=iphoneos*]" = "iPhone Developer";
				COPY_PHASE_STRIP = NO;
				GCC_C_LANGUAGE_STANDARD = gnu99;
				GCC_DYNAMIC_NO_PIC = NO;
				GCC_OPTIMIZATION_LEVEL = 0;
				GCC_PREPROCESSOR_DEFINITIONS = (
					"DEBUG=1",
					"$(inherited)",
				);
				GCC_SYMBOLS_PRIVATE_EXTERN = NO;
				GCC_VERSION = com.apple.compilers.llvm.clang.1_0;
				GCC_WARN_ABOUT_RETURN_TYPE = YES;
				GCC_WARN_UNINITIALIZED_AUTOS = YES;
				GCC_WARN_UNUSED_VARIABLE = YES;
				IPHONEOS_DEPLOYMENT_TARGET = 5.1;
				SDKROOT = iphoneos;
				TARGETED_DEVICE_FAMILY = 2;
			};
			name = Debug;
		};
		BEEBA0E415D0054B00E7279A /* Release */ = {
			isa = XCBuildConfiguration;
			buildSettings = {
				ALWAYS_SEARCH_USER_PATHS = NO;
				ARCHS = "$(ARCHS_STANDARD_32_BIT)";
				CLANG_CXX_LANGUAGE_STANDARD = "gnu++0x";
				CLANG_ENABLE_OBJC_ARC = YES;
				CLANG_WARN__DUPLICATE_METHOD_MATCH = YES;
				"CODE_SIGN_IDENTITY[sdk=iphoneos*]" = "iPhone Developer";
				COPY_PHASE_STRIP = YES;
				GCC_C_LANGUAGE_STANDARD = gnu99;
				GCC_VERSION = com.apple.compilers.llvm.clang.1_0;
				GCC_WARN_ABOUT_RETURN_TYPE = YES;
				GCC_WARN_UNINITIALIZED_AUTOS = YES;
				GCC_WARN_UNUSED_VARIABLE = YES;
				IPHONEOS_DEPLOYMENT_TARGET = 5.1;
				OTHER_CFLAGS = "-DNS_BLOCK_ASSERTIONS=1";
				SDKROOT = iphoneos;
				TARGETED_DEVICE_FAMILY = 2;
				VALIDATE_PRODUCT = YES;
			};
			name = Release;
		};
		BEEBA0E615D0054B00E7279A /* Debug */ = {
			isa = XCBuildConfiguration;
			buildSettings = {
				GCC_PRECOMPILE_PREFIX_HEADER = YES;
				GCC_PREFIX_HEADER = "Fluency Booster/Fluency Booster-Prefix.pch";
				INFOPLIST_FILE = "Fluency Booster/Fluency Booster-Info.plist";
				PRODUCT_NAME = "$(TARGET_NAME)";
				WRAPPER_EXTENSION = app;
			};
			name = Debug;
		};
		BEEBA0E715D0054B00E7279A /* Release */ = {
			isa = XCBuildConfiguration;
			buildSettings = {
				GCC_PRECOMPILE_PREFIX_HEADER = YES;
				GCC_PREFIX_HEADER = "Fluency Booster/Fluency Booster-Prefix.pch";
				INFOPLIST_FILE = "Fluency Booster/Fluency Booster-Info.plist";
				PRODUCT_NAME = "$(TARGET_NAME)";
				WRAPPER_EXTENSION = app;
			};
			name = Release;
		};
/* End XCBuildConfiguration section */

/* Begin XCConfigurationList section */
		BEEBA0BB15D0054B00E7279A /* Build configuration list for PBXProject "Fluency Booster" */ = {
			isa = XCConfigurationList;
			buildConfigurations = (
				BEEBA0E315D0054B00E7279A /* Debug */,
				BEEBA0E415D0054B00E7279A /* Release */,
			);
			defaultConfigurationIsVisible = 0;
			defaultConfigurationName = Release;
		};
		BEEBA0E515D0054B00E7279A /* Build configuration list for PBXNativeTarget "Fluency Booster" */ = {
			isa = XCConfigurationList;
			buildConfigurations = (
				BEEBA0E615D0054B00E7279A /* Debug */,
				BEEBA0E715D0054B00E7279A /* Release */,
			);
			defaultConfigurationIsVisible = 0;
			defaultConfigurationName = Release;
		};
/* End XCConfigurationList section */

/* Begin XCVersionGroup section */
		BE0B9E1215D194DA006422E5 /* FluencyBooster.xcdatamodeld */ = {
			isa = XCVersionGroup;
			children = (
				BE0B9E1315D194DA006422E5 /* FluencyBooster.xcdatamodel */,
			);
			currentVersion = BE0B9E1315D194DA006422E5 /* FluencyBooster.xcdatamodel */;
			path = FluencyBooster.xcdatamodeld;
			sourceTree = "<group>";
			versionGroupType = wrapper.xcdatamodel;
		};
/* End XCVersionGroup section */
	};
	rootObject = BEEBA0B815D0054B00E7279A /* Project object */;
}
